// !$*UTF8*$!
{
	archiveVersion = 1;
	classes = {
	};
	objectVersion = 77;
	objects = {

/* Begin PBXBuildFile section */
		0491FB042E22F450002C0B3B7880 /* Sources/Core/Export/HTMLFormatter.swift in Sources */ = {isa = PBXBuildFile; fileRef = B79E90122EFD008100D1DD106810 /* Sources/Core/Export/HTMLFormatter.swift */; };
		1334ACAA2E6A968100802A1E49A5 /* Sources/App/LintResultsView.swift in Sources */ = {isa = PBXBuildFile; fileRef = 9AF805642E457919009C56A58B0A /* Sources/App/LintResultsView.swift */; };
		1C0E2EBC2E30EEDD0084BCDA4739 /* Sources/Core/Export/CodableLintIssue.swift in Sources */ = {isa = PBXBuildFile; fileRef = 20298B6E2E5914B1005D8E98E848 /* Sources/Core/Export/CodableLintIssue.swift */; };
		2886405E2E19F25E0026F2CF /* SwiftSyntax in Frameworks */ = {isa = PBXBuildFile; productRef = 2886405D2E19F25E0026F2CF /* SwiftSyntax */; };
		288640602E19F26E0026F2CF /* SwiftParser in Frameworks */ = {isa = PBXBuildFile; productRef = 2886405F2E19F26E0026F2CF /* SwiftParser */; };
		28B283CB2E1738BC00F871B8 /* SwiftParser in Frameworks */ = {isa = PBXBuildFile; productRef = 28B283CA2E1738BC00F871B8 /* SwiftParser */; };
		28B283CD2E1738BC00F871B8 /* SwiftSyntax in Frameworks */ = {isa = PBXBuildFile; productRef = 28B283CC2E1738BC00F871B8 /* SwiftSyntax */; };
		28B7966F2E19EDA400AE3C7B /* SwiftProjectLintCore.framework in Frameworks */ = {isa = PBXBuildFile; fileRef = 28B796642E19EDA400AE3C7B /* SwiftProjectLintCore.framework */; };
		28B796792E19EDA400AE3C7B /* SwiftProjectLintCore.framework in Frameworks */ = {isa = PBXBuildFile; fileRef = 28B796642E19EDA400AE3C7B /* SwiftProjectLintCore.framework */; };
		28B7967A2E19EDA400AE3C7B /* SwiftProjectLintCore.framework in Embed Frameworks */ = {isa = PBXBuildFile; fileRef = 28B796642E19EDA400AE3C7B /* SwiftProjectLintCore.framework */; settings = {ATTRIBUTES = (CodeSignOnCopy, RemoveHeadersOnCopy, ); }; };
		28C412CB2E1F55A300D5FC31 /* (null) in Frameworks */ = {isa = PBXBuildFile; };
		28D83EE42E1A30F9001F4A6A /* (null) in Frameworks */ = {isa = PBXBuildFile; };
		28D83EE52E1A30F9001F4A6A /* (null) in Frameworks */ = {isa = PBXBuildFile; };
		28D83EE62E1A30F9001F4A6A /* SwiftSyntax in Frameworks */ = {isa = PBXBuildFile; productRef = 2886405D2E19F25E0026F2CF /* SwiftSyntax */; };
		28D83EE72E1A30F9001F4A6A /* SwiftParser in Frameworks */ = {isa = PBXBuildFile; productRef = 2886405F2E19F26E0026F2CF /* SwiftParser */; };
		28D83EE82E1A30F9001F4A6A /* SwiftProjectLintCore.framework in Frameworks */ = {isa = PBXBuildFile; fileRef = 28B796642E19EDA400AE3C7B /* SwiftProjectLintCore.framework */; };
		28D83EE92E1A30F9001F4A6A /* (null) in Frameworks */ = {isa = PBXBuildFile; };
		28D83EEA2E1A30F9001F4A6A /* (null) in Frameworks */ = {isa = PBXBuildFile; };
		28D83EEB2E1A30F9001F4A6A /* SwiftSyntax in Frameworks */ = {isa = PBXBuildFile; productRef = 2886405D2E19F25E0026F2CF /* SwiftSyntax */; };
		28D83EEC2E1A30F9001F4A6A /* SwiftParser in Frameworks */ = {isa = PBXBuildFile; productRef = 2886405F2E19F26E0026F2CF /* SwiftParser */; };
		28D83F622E1A3200001F4A6A /* (null) in Frameworks */ = {isa = PBXBuildFile; };
		2F0137942E93E6F700552D3868F6 /* Sources/App/Views/ContentViewProgress.swift in Sources */ = {isa = PBXBuildFile; fileRef = 5B3D1B6D2E96852F00BD85BC7B51 /* Sources/App/Views/ContentViewProgress.swift */; };
		2F27BF602EFB28CE00B2B3B54F08 /* Sources/App/Views/RuleDocView.swift in Sources */ = {isa = PBXBuildFile; fileRef = DE5C68AC2EC6828000413216AF62 /* Sources/App/Views/RuleDocView.swift */; };
		3137570E2ED107E700646B988F45 /* Sources/App/ExampleViews/ChildView.swift in Sources */ = {isa = PBXBuildFile; fileRef = B55CA3B72E05712800A31C672A81 /* Sources/App/ExampleViews/ChildView.swift */; };
		3C386EEC2E3191A6004A80304D42 /* Sources/Core/Export/IssueFormatterProtocol.swift in Sources */ = {isa = PBXBuildFile; fileRef = BFFFD4BA2E22C22E00E016C5A374 /* Sources/Core/Export/IssueFormatterProtocol.swift */; };
		3D5BFDD32EA01A2000AF033869A8 /* Sources/Core/Export/LintReport.swift in Sources */ = {isa = PBXBuildFile; fileRef = 14D886072E74A451004143A87929 /* Sources/Core/Export/LintReport.swift */; };
		53365A6F2E26F879009EA4577CFE /* Sources/App/Views/ContentViewResults.swift in Sources */ = {isa = PBXBuildFile; fileRef = 4896BB112EC92705002F5DBEE841 /* Sources/App/Views/ContentViewResults.swift */; };
		588DAF2E2E396D0E00952E396BB0 /* Sources/Core/Export/TextFormatter.swift in Sources */ = {isa = PBXBuildFile; fileRef = FE44A61A2E8693CC0047B7AECE6B /* Sources/Core/Export/TextFormatter.swift */; };
		5984AE012E7A94F700DA97F3F508 /* Sources/Core/Exports.swift in Sources */ = {isa = PBXBuildFile; fileRef = FB353B142EAEDE360004E0BB5834 /* Sources/Core/Exports.swift */; };
		5EB0B4112E0AEBBB00A6AEFA293A /* Sources/App/Views/ConfigDiffPreviewSheet.swift in Sources */ = {isa = PBXBuildFile; fileRef = F4F44EFE2E516811000EB6898A9A /* Sources/App/Views/ConfigDiffPreviewSheet.swift */; };
		711200CC2E378AA10019164355E0 /* Sources/App/Views/RuleSelectionDialog.swift in Sources */ = {isa = PBXBuildFile; fileRef = FB7717E52E855ECC00BAFC3D3C86 /* Sources/App/Views/RuleSelectionDialog.swift */; };
		755EB96C2E893C2800A9B364162A /* Sources/App/Views/LintIssueRow.swift in Sources */ = {isa = PBXBuildFile; fileRef = 1CEF22752EB28D10003AF274AEB4 /* Sources/App/Views/LintIssueRow.swift */; };
		80DD3C682EFB5C8300215B455FBE /* Sources/App/Models/ContentViewModel.swift in Sources */ = {isa = PBXBuildFile; fileRef = 10B147282E10A718006A43ADE24E /* Sources/App/Models/ContentViewModel.swift */; };
		81180E0F2E090BE600B7FABC058F /* Sources/App/Models/SystemComponents.swift in Sources */ = {isa = PBXBuildFile; fileRef = F79368E62E9935980008FAE543C6 /* Sources/App/Models/SystemComponents.swift */; };
		847E7A342E67F40A00D5B9F15373 /* Sources/App/Views/FullScreenResultsView.swift in Sources */ = {isa = PBXBuildFile; fileRef = 881D5B9F2EF6633C00F0538B18D2 /* Sources/App/Views/FullScreenResultsView.swift */; };
		8DB9D5B62EFB16CF0072A03E6577 /* Sources/App/ExampleViews/ParentView.swift in Sources */ = {isa = PBXBuildFile; fileRef = B7D89ED72EAF644C004A66C5F02D /* Sources/App/ExampleViews/ParentView.swift */; };
		91AC0B892E8AC79A00F71433EB66 /* Sources/App/Views/ContentViewActions.swift in Sources */ = {isa = PBXBuildFile; fileRef = 47BB927A2EBEF0B200EC3038683E /* Sources/App/Views/ContentViewActions.swift */; };
		935D2A9F2E8C18BA00370C854E31 /* Sources/App/ContentView.swift in Sources */ = {isa = PBXBuildFile; fileRef = 0F2471F52EEF74C7003C7BE2841E /* Sources/App/ContentView.swift */; };
		93E877EE2E35A6F400E34F949CA8 /* Sources/App/ExampleViews/NetworkingIssuesView.swift in Sources */ = {isa = PBXBuildFile; fileRef = 6C9239CC2E17E3EC007B67C591E9 /* Sources/App/ExampleViews/NetworkingIssuesView.swift */; };
		9D1F7BA32E52DB2200B746BD3366 /* Sources/Core/Export/ReportSummary.swift in Sources */ = {isa = PBXBuildFile; fileRef = 058B88552E7E24CC009BEF120398 /* Sources/Core/Export/ReportSummary.swift */; };
		A5137FBB2EDB50E60073EE1E67F0 /* Sources/App/SwiftProjectLintApp.swift in Sources */ = {isa = PBXBuildFile; fileRef = 550510B12EF16C700095C0ECCE8E /* Sources/App/SwiftProjectLintApp.swift */; };
		AA000032AABBCC0000000032 /* Yams in Frameworks (Core) */ = {isa = PBXBuildFile; productRef = AA000031AABBCC0000000031 /* Yams */; };
		AA000013AABBCC0000000013 /* LintStudioCore in Frameworks */ = {isa = PBXBuildFile; productRef = AA000011AABBCC0000000011 /* LintStudioCore */; };
		AA000014AABBCC0000000014 /* LintStudioUI in Frameworks */ = {isa = PBXBuildFile; productRef = AA000012AABBCC0000000012 /* LintStudioUI */; };
		AA000022AABBCC0000000022 /* SwiftProjectLintEngine in Frameworks */ = {isa = PBXBuildFile; productRef = AA000021AABBCC0000000021 /* SwiftProjectLintEngine */; };
		AA000024AABBCC0000000024 /* LintStudioCore in Frameworks */ = {isa = PBXBuildFile; productRef = AA000023AABBCC0000000023 /* LintStudioCore */; };
		ABAD4A722E9A0C03000668032C51 /* Sources/Core/Export/CSVFormatter.swift in Sources */ = {isa = PBXBuildFile; fileRef = 1B382A982E58233F0027A5001BCF /* Sources/Core/Export/CSVFormatter.swift */; };
		B2F883882EE34E5D002D4ECFBDB9 /* Sources/App/Views/RuleSelectionWindowController.swift in Sources */ = {isa = PBXBuildFile; fileRef = 1E82B8552E252963001E1A08B872 /* Sources/App/Views/RuleSelectionWindowController.swift */; };
		B65792C62EAE378D004DE22B35A8 /* Sources/App/ExampleViews/TightCouplingExampleView.swift in Sources */ = {isa = PBXBuildFile; fileRef = A6363C602EB795B000B857422383 /* Sources/App/ExampleViews/TightCouplingExampleView.swift */; };
		BEC070A72E651472009085573BF9 /* Sources/App/Models/DemoIssueGenerator.swift in Sources */ = {isa = PBXBuildFile; fileRef = 434B94032E3D4D2E00920534AA11 /* Sources/App/Models/DemoIssueGenerator.swift */; };
		D6710B722EB9D20900F447D453D8 /* Sources/App/Models/PatternConfiguration.swift in Sources */ = {isa = PBXBuildFile; fileRef = 3038E2B52E320D5700D80D6C1350 /* Sources/App/Models/PatternConfiguration.swift */; };
		D93E66302E8C1A7600122A827782 /* Sources/App/Models/RuleDocumentationLoader.swift in Sources */ = {isa = PBXBuildFile; fileRef = AC5658082E9AE38F006BA2E61DDB /* Sources/App/Models/RuleDocumentationLoader.swift */; };
		DA60C6D02EB2FFA00043F0457CD8 /* Sources/App/ExampleViews/ArchitectureIssuesView.swift in Sources */ = {isa = PBXBuildFile; fileRef = E39B13542E1974E200B00F3FFDB9 /* Sources/App/ExampleViews/ArchitectureIssuesView.swift */; };
		DC69C7A32E9F4944000D6564DBDB /* Sources/App/ExampleViews/AnimationIssuesExampleView.swift in Sources */ = {isa = PBXBuildFile; fileRef = 1AC021FE2EF9839E00B886432B05 /* Sources/App/ExampleViews/AnimationIssuesExampleView.swift */; };
		E3E7C19E2EC1DC7F00EF356BCD47 /* Sources/App/Views/DirectoryTreeView.swift in Sources */ = {isa = PBXBuildFile; fileRef = 1BA0F4CF2E9673DD00FFD7FE458E /* Sources/App/Views/DirectoryTreeView.swift */; };
		F423B6962E7BF02C007825D5826B /* Sources/App/Views/IssueSummarySection.swift in Sources */ = {isa = PBXBuildFile; fileRef = 41BC1E232EBD953800437E15F3DB /* Sources/App/Views/IssueSummarySection.swift */; };
		F4B928CD2EE2BB1F00F110967475 /* Sources/App/Models/RuleExclusions.swift in Sources */ = {isa = PBXBuildFile; fileRef = DB8270982E38EEC2007AA3E7EFC6 /* Sources/App/Models/RuleExclusions.swift */; };
		FAAAD65E2EEF4D0F0008B506BDEE /* Sources/App/Models/LintStudioConformances.swift in Sources */ = {isa = PBXBuildFile; fileRef = 56DF3FC02E85F6DB00AC9E35429C /* Sources/App/Models/LintStudioConformances.swift */; };
		FB0119192E0DEBA5003B95DBFDAC /* Sources/Core/Export/JSONFormatter.swift in Sources */ = {isa = PBXBuildFile; fileRef = DBFEB0402E57F4CA007340C82F35 /* Sources/Core/Export/JSONFormatter.swift */; };
		FE67F0702ECD0E2200EA8BE65461 /* Sources/App/Views/ContentViewHeader.swift in Sources */ = {isa = PBXBuildFile; fileRef = F1689E2B2E74F7E80059663F4400 /* Sources/App/Views/ContentViewHeader.swift */; };
		AA000040AABBCC000000402 /* SwiftProjectLintModels in Frameworks */ = {isa = PBXBuildFile; productRef = AA000040AABBCC000000401 /* SwiftProjectLintModels */; };
		AA000041AABBCC000000412 /* SwiftProjectLintVisitors in Frameworks */ = {isa = PBXBuildFile; productRef = AA000041AABBCC000000411 /* SwiftProjectLintVisitors */; };
		AA000042AABBCC000000422 /* SwiftProjectLintRegistry in Frameworks */ = {isa = PBXBuildFile; productRef = AA000042AABBCC000000421 /* SwiftProjectLintRegistry */; };
		AA000043AABBCC000000432 /* SwiftProjectLintRules in Frameworks */ = {isa = PBXBuildFile; productRef = AA000043AABBCC000000431 /* SwiftProjectLintRules */; };
		AA000044AABBCC000000442 /* SwiftProjectLintConfig in Frameworks */ = {isa = PBXBuildFile; productRef = AA000044AABBCC000000441 /* SwiftProjectLintConfig */; };
/* End PBXBuildFile section */

/* Begin PBXContainerItemProxy section */
		2805B49F2E149DAC0018C12A /* PBXContainerItemProxy */ = {
			isa = PBXContainerItemProxy;
			containerPortal = 2805B4892E149DAB0018C12A /* Project object */;
			proxyType = 1;
			remoteGlobalIDString = 2805B4902E149DAB0018C12A;
			remoteInfo = SwiftProjectLint;
		};
		2805B4A92E149DAC0018C12A /* PBXContainerItemProxy */ = {
			isa = PBXContainerItemProxy;
			containerPortal = 2805B4892E149DAB0018C12A /* Project object */;
			proxyType = 1;
			remoteGlobalIDString = 2805B4902E149DAB0018C12A;
			remoteInfo = SwiftProjectLint;
		};
		28B796702E19EDA400AE3C7B /* PBXContainerItemProxy */ = {
			isa = PBXContainerItemProxy;
			containerPortal = 2805B4892E149DAB0018C12A /* Project object */;
			proxyType = 1;
			remoteGlobalIDString = 28B796632E19EDA400AE3C7B;
			remoteInfo = SwiftProjectLintCore;
		};
		28B796722E19EDA400AE3C7B /* PBXContainerItemProxy */ = {
			isa = PBXContainerItemProxy;
			containerPortal = 2805B4892E149DAB0018C12A /* Project object */;
			proxyType = 1;
			remoteGlobalIDString = 2805B4902E149DAB0018C12A;
			remoteInfo = SwiftProjectLint;
		};
		28B796772E19EDA400AE3C7B /* PBXContainerItemProxy */ = {
			isa = PBXContainerItemProxy;
			containerPortal = 2805B4892E149DAB0018C12A /* Project object */;
			proxyType = 1;
			remoteGlobalIDString = 28B796632E19EDA400AE3C7B;
			remoteInfo = SwiftProjectLintCore;
		};
		28B796A72E19EEE400AE3C7B /* PBXContainerItemProxy */ = {
			isa = PBXContainerItemProxy;
			containerPortal = 2805B4892E149DAB0018C12A /* Project object */;
			proxyType = 1;
			remoteGlobalIDString = 28B796632E19EDA400AE3C7B;
			remoteInfo = SwiftProjectLintCore;
		};
/* End PBXContainerItemProxy section */

/* Begin PBXCopyFilesBuildPhase section */
		28B7967B2E19EDA400AE3C7B /* Embed Frameworks */ = {
			isa = PBXCopyFilesBuildPhase;
			buildActionMask = 2147483647;
			dstPath = "";
			dstSubfolderSpec = 10;
			files = (
				28B7967A2E19EDA400AE3C7B /* SwiftProjectLintCore.framework in Embed Frameworks */,
			);
			name = "Embed Frameworks";
			runOnlyForDeploymentPostprocessing = 0;
		};
/* End PBXCopyFilesBuildPhase section */

/* Begin PBXFileReference section */
		058B88552E7E24CC009BEF120398 /* Sources/Core/Export/ReportSummary.swift */ = {isa = PBXFileReference; lastKnownFileType = sourcecode.swift; path = Sources/Core/Export/ReportSummary.swift; sourceTree = SOURCE_ROOT; };
		0F2471F52EEF74C7003C7BE2841E /* Sources/App/ContentView.swift */ = {isa = PBXFileReference; lastKnownFileType = sourcecode.swift; path = Sources/App/ContentView.swift; sourceTree = SOURCE_ROOT; };
		10B147282E10A718006A43ADE24E /* Sources/App/Models/ContentViewModel.swift */ = {isa = PBXFileReference; lastKnownFileType = sourcecode.swift; path = Sources/App/Models/ContentViewModel.swift; sourceTree = SOURCE_ROOT; };
		14D886072E74A451004143A87929 /* Sources/Core/Export/LintReport.swift */ = {isa = PBXFileReference; lastKnownFileType = sourcecode.swift; path = Sources/Core/Export/LintReport.swift; sourceTree = SOURCE_ROOT; };
		1AC021FE2EF9839E00B886432B05 /* Sources/App/ExampleViews/AnimationIssuesExampleView.swift */ = {isa = PBXFileReference; lastKnownFileType = sourcecode.swift; path = Sources/App/ExampleViews/AnimationIssuesExampleView.swift; sourceTree = SOURCE_ROOT; };
		1B382A982E58233F0027A5001BCF /* Sources/Core/Export/CSVFormatter.swift */ = {isa = PBXFileReference; lastKnownFileType = sourcecode.swift; path = Sources/Core/Export/CSVFormatter.swift; sourceTree = SOURCE_ROOT; };
		1BA0F4CF2E9673DD00FFD7FE458E /* Sources/App/Views/DirectoryTreeView.swift */ = {isa = PBXFileReference; lastKnownFileType = sourcecode.swift; path = Sources/App/Views/DirectoryTreeView.swift; sourceTree = SOURCE_ROOT; };
		1CEF22752EB28D10003AF274AEB4 /* Sources/App/Views/LintIssueRow.swift */ = {isa = PBXFileReference; lastKnownFileType = sourcecode.swift; path = Sources/App/Views/LintIssueRow.swift; sourceTree = SOURCE_ROOT; };
		1E82B8552E252963001E1A08B872 /* Sources/App/Views/RuleSelectionWindowController.swift */ = {isa = PBXFileReference; lastKnownFileType = sourcecode.swift; path = Sources/App/Views/RuleSelectionWindowController.swift; sourceTree = SOURCE_ROOT; };
		20298B6E2E5914B1005D8E98E848 /* Sources/Core/Export/CodableLintIssue.swift */ = {isa = PBXFileReference; lastKnownFileType = sourcecode.swift; path = Sources/Core/Export/CodableLintIssue.swift; sourceTree = SOURCE_ROOT; };
		2805B4912E149DAB0018C12A /* SwiftProjectLint.app */ = {isa = PBXFileReference; explicitFileType = wrapper.application; includeInIndex = 0; path = SwiftProjectLint.app; sourceTree = BUILT_PRODUCTS_DIR; };
		2805B49E2E149DAC0018C12A /* AppTests.xctest */ = {isa = PBXFileReference; explicitFileType = wrapper.cfbundle; includeInIndex = 0; path = AppTests.xctest; sourceTree = BUILT_PRODUCTS_DIR; };
		2805B4A82E149DAC0018C12A /* UITests.xctest */ = {isa = PBXFileReference; explicitFileType = wrapper.cfbundle; includeInIndex = 0; path = UITests.xctest; sourceTree = BUILT_PRODUCTS_DIR; };
		280910222E342B0100FE317F /* Package.resolved */ = {isa = PBXFileReference; lastKnownFileType = text; path = Package.resolved; sourceTree = "<group>"; };
		280910232E342B0100FE317F /* Package.swift */ = {isa = PBXFileReference; lastKnownFileType = sourcecode.swift; path = Package.swift; sourceTree = "<group>"; };
		280910242E342B0100FE317F /* README.md */ = {isa = PBXFileReference; lastKnownFileType = net.daringfireball.markdown; path = README.md; sourceTree = "<group>"; };
		28B796642E19EDA400AE3C7B /* SwiftProjectLintCore.framework */ = {isa = PBXFileReference; explicitFileType = wrapper.framework; includeInIndex = 0; path = SwiftProjectLintCore.framework; sourceTree = BUILT_PRODUCTS_DIR; };
		28B7966E2E19EDA400AE3C7B /* CoreTests.xctest */ = {isa = PBXFileReference; explicitFileType = wrapper.cfbundle; includeInIndex = 0; path = CoreTests.xctest; sourceTree = BUILT_PRODUCTS_DIR; };
		28F3004A2E34314600BAE8D4 /* SwiftProjectLintApp.xctestplan */ = {isa = PBXFileReference; lastKnownFileType = text; path = SwiftProjectLintApp.xctestplan; sourceTree = "<group>"; };
		28F3004B2E34323400BAE8D4 /* CoreTests.xctestplan */ = {isa = PBXFileReference; lastKnownFileType = text; path = CoreTests.xctestplan; sourceTree = "<group>"; };
		3038E2B52E320D5700D80D6C1350 /* Sources/App/Models/PatternConfiguration.swift */ = {isa = PBXFileReference; lastKnownFileType = sourcecode.swift; path = Sources/App/Models/PatternConfiguration.swift; sourceTree = SOURCE_ROOT; };
		41BC1E232EBD953800437E15F3DB /* Sources/App/Views/IssueSummarySection.swift */ = {isa = PBXFileReference; lastKnownFileType = sourcecode.swift; path = Sources/App/Views/IssueSummarySection.swift; sourceTree = SOURCE_ROOT; };
		434B94032E3D4D2E00920534AA11 /* Sources/App/Models/DemoIssueGenerator.swift */ = {isa = PBXFileReference; lastKnownFileType = sourcecode.swift; path = Sources/App/Models/DemoIssueGenerator.swift; sourceTree = SOURCE_ROOT; };
		47BB927A2EBEF0B200EC3038683E /* Sources/App/Views/ContentViewActions.swift */ = {isa = PBXFileReference; lastKnownFileType = sourcecode.swift; path = Sources/App/Views/ContentViewActions.swift; sourceTree = SOURCE_ROOT; };
		4896BB112EC92705002F5DBEE841 /* Sources/App/Views/ContentViewResults.swift */ = {isa = PBXFileReference; lastKnownFileType = sourcecode.swift; path = Sources/App/Views/ContentViewResults.swift; sourceTree = SOURCE_ROOT; };
		550510B12EF16C700095C0ECCE8E /* Sources/App/SwiftProjectLintApp.swift */ = {isa = PBXFileReference; lastKnownFileType = sourcecode.swift; path = Sources/App/SwiftProjectLintApp.swift; sourceTree = SOURCE_ROOT; };
		56DF3FC02E85F6DB00AC9E35429C /* Sources/App/Models/LintStudioConformances.swift */ = {isa = PBXFileReference; lastKnownFileType = sourcecode.swift; path = Sources/App/Models/LintStudioConformances.swift; sourceTree = SOURCE_ROOT; };
		5B3D1B6D2E96852F00BD85BC7B51 /* Sources/App/Views/ContentViewProgress.swift */ = {isa = PBXFileReference; lastKnownFileType = sourcecode.swift; path = Sources/App/Views/ContentViewProgress.swift; sourceTree = SOURCE_ROOT; };
		6C9239CC2E17E3EC007B67C591E9 /* Sources/App/ExampleViews/NetworkingIssuesView.swift */ = {isa = PBXFileReference; lastKnownFileType = sourcecode.swift; path = Sources/App/ExampleViews/NetworkingIssuesView.swift; sourceTree = SOURCE_ROOT; };
		881D5B9F2EF6633C00F0538B18D2 /* Sources/App/Views/FullScreenResultsView.swift */ = {isa = PBXFileReference; lastKnownFileType = sourcecode.swift; path = Sources/App/Views/FullScreenResultsView.swift; sourceTree = SOURCE_ROOT; };
		9AF805642E457919009C56A58B0A /* Sources/App/LintResultsView.swift */ = {isa = PBXFileReference; lastKnownFileType = sourcecode.swift; path = Sources/App/LintResultsView.swift; sourceTree = SOURCE_ROOT; };
		A6363C602EB795B000B857422383 /* Sources/App/ExampleViews/TightCouplingExampleView.swift */ = {isa = PBXFileReference; lastKnownFileType = sourcecode.swift; path = Sources/App/ExampleViews/TightCouplingExampleView.swift; sourceTree = SOURCE_ROOT; };
		AC5658082E9AE38F006BA2E61DDB /* Sources/App/Models/RuleDocumentationLoader.swift */ = {isa = PBXFileReference; lastKnownFileType = sourcecode.swift; path = Sources/App/Models/RuleDocumentationLoader.swift; sourceTree = SOURCE_ROOT; };
		B55CA3B72E05712800A31C672A81 /* Sources/App/ExampleViews/ChildView.swift */ = {isa = PBXFileReference; lastKnownFileType = sourcecode.swift; path = Sources/App/ExampleViews/ChildView.swift; sourceTree = SOURCE_ROOT; };
		B79E90122EFD008100D1DD106810 /* Sources/Core/Export/HTMLFormatter.swift */ = {isa = PBXFileReference; lastKnownFileType = sourcecode.swift; path = Sources/Core/Export/HTMLFormatter.swift; sourceTree = SOURCE_ROOT; };
		B7D89ED72EAF644C004A66C5F02D /* Sources/App/ExampleViews/ParentView.swift */ = {isa = PBXFileReference; lastKnownFileType = sourcecode.swift; path = Sources/App/ExampleViews/ParentView.swift; sourceTree = SOURCE_ROOT; };
		BFFFD4BA2E22C22E00E016C5A374 /* Sources/Core/Export/IssueFormatterProtocol.swift */ = {isa = PBXFileReference; lastKnownFileType = sourcecode.swift; path = Sources/Core/Export/IssueFormatterProtocol.swift; sourceTree = SOURCE_ROOT; };
		DB8270982E38EEC2007AA3E7EFC6 /* Sources/App/Models/RuleExclusions.swift */ = {isa = PBXFileReference; lastKnownFileType = sourcecode.swift; path = Sources/App/Models/RuleExclusions.swift; sourceTree = SOURCE_ROOT; };
		DBFEB0402E57F4CA007340C82F35 /* Sources/Core/Export/JSONFormatter.swift */ = {isa = PBXFileReference; lastKnownFileType = sourcecode.swift; path = Sources/Core/Export/JSONFormatter.swift; sourceTree = SOURCE_ROOT; };
		DE5C68AC2EC6828000413216AF62 /* Sources/App/Views/RuleDocView.swift */ = {isa = PBXFileReference; lastKnownFileType = sourcecode.swift; path = Sources/App/Views/RuleDocView.swift; sourceTree = SOURCE_ROOT; };
		E39B13542E1974E200B00F3FFDB9 /* Sources/App/ExampleViews/ArchitectureIssuesView.swift */ = {isa = PBXFileReference; lastKnownFileType = sourcecode.swift; path = Sources/App/ExampleViews/ArchitectureIssuesView.swift; sourceTree = SOURCE_ROOT; };
		F1689E2B2E74F7E80059663F4400 /* Sources/App/Views/ContentViewHeader.swift */ = {isa = PBXFileReference; lastKnownFileType = sourcecode.swift; path = Sources/App/Views/ContentViewHeader.swift; sourceTree = SOURCE_ROOT; };
		F4F44EFE2E516811000EB6898A9A /* Sources/App/Views/ConfigDiffPreviewSheet.swift */ = {isa = PBXFileReference; lastKnownFileType = sourcecode.swift; path = Sources/App/Views/ConfigDiffPreviewSheet.swift; sourceTree = SOURCE_ROOT; };
		F79368E62E9935980008FAE543C6 /* Sources/App/Models/SystemComponents.swift */ = {isa = PBXFileReference; lastKnownFileType = sourcecode.swift; path = Sources/App/Models/SystemComponents.swift; sourceTree = SOURCE_ROOT; };
		FB353B142EAEDE360004E0BB5834 /* Sources/Core/Exports.swift */ = {isa = PBXFileReference; lastKnownFileType = sourcecode.swift; path = Sources/Core/Exports.swift; sourceTree = SOURCE_ROOT; };
		FB7717E52E855ECC00BAFC3D3C86 /* Sources/App/Views/RuleSelectionDialog.swift */ = {isa = PBXFileReference; lastKnownFileType = sourcecode.swift; path = Sources/App/Views/RuleSelectionDialog.swift; sourceTree = SOURCE_ROOT; };
		FE44A61A2E8693CC0047B7AECE6B /* Sources/Core/Export/TextFormatter.swift */ = {isa = PBXFileReference; lastKnownFileType = sourcecode.swift; path = Sources/Core/Export/TextFormatter.swift; sourceTree = SOURCE_ROOT; };
/* End PBXFileReference section */

/* Begin PBXFileSystemSynchronizedRootGroup section */
		28090FA82E342A7300FE317F /* build */ = {
			isa = PBXFileSystemSynchronizedRootGroup;
			path = build;
			sourceTree = "<group>";
		};
		28090FA92E342AA200FE317F /* Tests */ = {
			isa = PBXFileSystemSynchronizedRootGroup;
			path = Tests;
			sourceTree = "<group>";
		};
		280910182E342AC200FE317F /* Sources */ = {
			isa = PBXFileSystemSynchronizedRootGroup;
			path = Sources;
			sourceTree = "<group>";
		};
		280910212E342ADB00FE317F /* Docs */ = {
			isa = PBXFileSystemSynchronizedRootGroup;
			path = Docs;
			sourceTree = "<group>";
		};
		280910262E342B2D00FE317F /* debug_output */ = {
			isa = PBXFileSystemSynchronizedRootGroup;
			path = debug_output;
			sourceTree = "<group>";
		};
		2809104B2E342B2D00FE317F /* Output */ = {
			isa = PBXFileSystemSynchronizedRootGroup;
			path = Output;
			sourceTree = "<group>";
		};
		2809104E2E342B2D00FE317F /* Scripts */ = {
			isa = PBXFileSystemSynchronizedRootGroup;
			path = Scripts;
			sourceTree = "<group>";
		};
/* End PBXFileSystemSynchronizedRootGroup section */

/* Begin PBXFrameworksBuildPhase section */
		2805B48E2E149DAB0018C12A /* Frameworks */ = {
			isa = PBXFrameworksBuildPhase;
			buildActionMask = 2147483647;
			files = (
				28B283CB2E1738BC00F871B8 /* SwiftParser in Frameworks */,
				28B283CD2E1738BC00F871B8 /* SwiftSyntax in Frameworks */,
				28B796792E19EDA400AE3C7B /* SwiftProjectLintCore.framework in Frameworks */,
				AA000013AABBCC0000000013 /* LintStudioCore in Frameworks */,
				AA000014AABBCC0000000014 /* LintStudioUI in Frameworks */,
			);
			runOnlyForDeploymentPostprocessing = 0;
		};
		2805B49B2E149DAC0018C12A /* Frameworks */ = {
			isa = PBXFrameworksBuildPhase;
			buildActionMask = 2147483647;
			files = (
				28B7966F2E19EDA400AE3C7B /* SwiftProjectLintCore.framework in Frameworks */,
				28D83EE42E1A30F9001F4A6A /* (null) in Frameworks */,
				28D83EE72E1A30F9001F4A6A /* SwiftParser in Frameworks */,
				28D83EE52E1A30F9001F4A6A /* (null) in Frameworks */,
				28D83EE62E1A30F9001F4A6A /* SwiftSyntax in Frameworks */,
				28C412CB2E1F55A300D5FC31 /* (null) in Frameworks */,
			);
			runOnlyForDeploymentPostprocessing = 0;
		};
		2805B4A52E149DAC0018C12A /* Frameworks */ = {
			isa = PBXFrameworksBuildPhase;
			buildActionMask = 2147483647;
			files = (
			);
			runOnlyForDeploymentPostprocessing = 0;
		};
		28B796612E19EDA400AE3C7B /* Frameworks */ = {
			isa = PBXFrameworksBuildPhase;
			buildActionMask = 2147483647;
			files = (
				2886405E2E19F25E0026F2CF /* SwiftSyntax in Frameworks */,
				288640602E19F26E0026F2CF /* SwiftParser in Frameworks */,
				AA000022AABBCC0000000022 /* SwiftProjectLintEngine in Frameworks */,
				AA000024AABBCC0000000024 /* LintStudioCore in Frameworks */,
				AA000032AABBCC0000000032 /* Yams in Frameworks (Core) */,
				AA000040AABBCC000000402 /* SwiftProjectLintModels in Frameworks */,
				AA000041AABBCC000000412 /* SwiftProjectLintVisitors in Frameworks */,
				AA000042AABBCC000000422 /* SwiftProjectLintRegistry in Frameworks */,
				AA000043AABBCC000000432 /* SwiftProjectLintRules in Frameworks */,
				AA000044AABBCC000000442 /* SwiftProjectLintConfig in Frameworks */,
			);
			runOnlyForDeploymentPostprocessing = 0;
		};
		28B7966B2E19EDA400AE3C7B /* Frameworks */ = {
			isa = PBXFrameworksBuildPhase;
			buildActionMask = 2147483647;
			files = (
				28D83EE82E1A30F9001F4A6A /* SwiftProjectLintCore.framework in Frameworks */,
				28D83EE92E1A30F9001F4A6A /* (null) in Frameworks */,
				28D83EEC2E1A30F9001F4A6A /* SwiftParser in Frameworks */,
				28D83EEA2E1A30F9001F4A6A /* (null) in Frameworks */,
				28D83EEB2E1A30F9001F4A6A /* SwiftSyntax in Frameworks */,
				28D83F622E1A3200001F4A6A /* (null) in Frameworks */,
			);
			runOnlyForDeploymentPostprocessing = 0;
		};
/* End PBXFrameworksBuildPhase section */

/* Begin PBXGroup section */
		2805B4882E149DAB0018C12A = {
			isa = PBXGroup;
			children = (
				28F3004B2E34323400BAE8D4 /* CoreTests.xctestplan */,
				28F3004A2E34314600BAE8D4 /* SwiftProjectLintApp.xctestplan */,
				280910262E342B2D00FE317F /* debug_output */,
				2809104B2E342B2D00FE317F /* Output */,
				2809104E2E342B2D00FE317F /* Scripts */,
				280910222E342B0100FE317F /* Package.resolved */,
				280910232E342B0100FE317F /* Package.swift */,
				280910242E342B0100FE317F /* README.md */,
				28090FA82E342A7300FE317F /* build */,
				2886405C2E19F25E0026F2CF /* Frameworks */,
				2805B4922E149DAB0018C12A /* Products */,
				28090FA92E342AA200FE317F /* Tests */,
				280910182E342AC200FE317F /* Sources */,
				280910212E342ADB00FE317F /* Docs */,
				70610C3E2F8F29DF0070EC0E /* Recovered References */,
			);
			sourceTree = "<group>";
		};
		2805B4922E149DAB0018C12A /* Products */ = {
			isa = PBXGroup;
			children = (
				2805B4912E149DAB0018C12A /* SwiftProjectLint.app */,
				2805B49E2E149DAC0018C12A /* AppTests.xctest */,
				2805B4A82E149DAC0018C12A /* UITests.xctest */,
				28B796642E19EDA400AE3C7B /* SwiftProjectLintCore.framework */,
				28B7966E2E19EDA400AE3C7B /* CoreTests.xctest */,
			);
			name = Products;
			sourceTree = "<group>";
		};
		2886405C2E19F25E0026F2CF /* Frameworks */ = {
			isa = PBXGroup;
			children = (
			);
			name = Frameworks;
			sourceTree = "<group>";
		};
		70610C3E2F8F29DF0070EC0E /* Recovered References */ = {
			isa = PBXGroup;
			children = (
				0F2471F52EEF74C7003C7BE2841E /* Sources/App/ContentView.swift */,
				9AF805642E457919009C56A58B0A /* Sources/App/LintResultsView.swift */,
				550510B12EF16C700095C0ECCE8E /* Sources/App/SwiftProjectLintApp.swift */,
				1AC021FE2EF9839E00B886432B05 /* Sources/App/ExampleViews/AnimationIssuesExampleView.swift */,
				E39B13542E1974E200B00F3FFDB9 /* Sources/App/ExampleViews/ArchitectureIssuesView.swift */,
				B55CA3B72E05712800A31C672A81 /* Sources/App/ExampleViews/ChildView.swift */,
				6C9239CC2E17E3EC007B67C591E9 /* Sources/App/ExampleViews/NetworkingIssuesView.swift */,
				B7D89ED72EAF644C004A66C5F02D /* Sources/App/ExampleViews/ParentView.swift */,
				A6363C602EB795B000B857422383 /* Sources/App/ExampleViews/TightCouplingExampleView.swift */,
				10B147282E10A718006A43ADE24E /* Sources/App/Models/ContentViewModel.swift */,
				434B94032E3D4D2E00920534AA11 /* Sources/App/Models/DemoIssueGenerator.swift */,
				56DF3FC02E85F6DB00AC9E35429C /* Sources/App/Models/LintStudioConformances.swift */,
				3038E2B52E320D5700D80D6C1350 /* Sources/App/Models/PatternConfiguration.swift */,
				AC5658082E9AE38F006BA2E61DDB /* Sources/App/Models/RuleDocumentationLoader.swift */,
				DB8270982E38EEC2007AA3E7EFC6 /* Sources/App/Models/RuleExclusions.swift */,
				F79368E62E9935980008FAE543C6 /* Sources/App/Models/SystemComponents.swift */,
				F4F44EFE2E516811000EB6898A9A /* Sources/App/Views/ConfigDiffPreviewSheet.swift */,
				47BB927A2EBEF0B200EC3038683E /* Sources/App/Views/ContentViewActions.swift */,
				F1689E2B2E74F7E80059663F4400 /* Sources/App/Views/ContentViewHeader.swift */,
				5B3D1B6D2E96852F00BD85BC7B51 /* Sources/App/Views/ContentViewProgress.swift */,
				4896BB112EC92705002F5DBEE841 /* Sources/App/Views/ContentViewResults.swift */,
				1BA0F4CF2E9673DD00FFD7FE458E /* Sources/App/Views/DirectoryTreeView.swift */,
				881D5B9F2EF6633C00F0538B18D2 /* Sources/App/Views/FullScreenResultsView.swift */,
				41BC1E232EBD953800437E15F3DB /* Sources/App/Views/IssueSummarySection.swift */,
				1CEF22752EB28D10003AF274AEB4 /* Sources/App/Views/LintIssueRow.swift */,
				DE5C68AC2EC6828000413216AF62 /* Sources/App/Views/RuleDocView.swift */,
				FB7717E52E855ECC00BAFC3D3C86 /* Sources/App/Views/RuleSelectionDialog.swift */,
				1E82B8552E252963001E1A08B872 /* Sources/App/Views/RuleSelectionWindowController.swift */,
				FB353B142EAEDE360004E0BB5834 /* Sources/Core/Exports.swift */,
				1B382A982E58233F0027A5001BCF /* Sources/Core/Export/CSVFormatter.swift */,
				20298B6E2E5914B1005D8E98E848 /* Sources/Core/Export/CodableLintIssue.swift */,
				B79E90122EFD008100D1DD106810 /* Sources/Core/Export/HTMLFormatter.swift */,
				BFFFD4BA2E22C22E00E016C5A374 /* Sources/Core/Export/IssueFormatterProtocol.swift */,
				DBFEB0402E57F4CA007340C82F35 /* Sources/Core/Export/JSONFormatter.swift */,
				14D886072E74A451004143A87929 /* Sources/Core/Export/LintReport.swift */,
				058B88552E7E24CC009BEF120398 /* Sources/Core/Export/ReportSummary.swift */,
				FE44A61A2E8693CC0047B7AECE6B /* Sources/Core/Export/TextFormatter.swift */,
			);
			name = "Recovered References";
			sourceTree = "<group>";
		};
/* End PBXGroup section */

/* Begin PBXHeadersBuildPhase section */
		28B7965F2E19EDA400AE3C7B /* Headers */ = {
			isa = PBXHeadersBuildPhase;
			buildActionMask = 2147483647;
			files = (
			);
			runOnlyForDeploymentPostprocessing = 0;
		};
/* End PBXHeadersBuildPhase section */

/* Begin PBXNativeTarget section */
		2805B4902E149DAB0018C12A /* SwiftProjectLint */ = {
			isa = PBXNativeTarget;
			buildConfigurationList = 2805B4B22E149DAC0018C12A /* Build configuration list for PBXNativeTarget "SwiftProjectLint" */;
			buildPhases = (
				2805B48D2E149DAB0018C12A /* Sources */,
				28BFF6752E3999D200ECC6D1 /* ShellScript */,
				2805B48E2E149DAB0018C12A /* Frameworks */,
				2805B48F2E149DAB0018C12A /* Resources */,
				28B7967B2E19EDA400AE3C7B /* Embed Frameworks */,
			);
			buildRules = (
			);
			dependencies = (
				28B796782E19EDA400AE3C7B /* PBXTargetDependency */,
			);
			name = SwiftProjectLint;
			packageProductDependencies = (
				28B283CA2E1738BC00F871B8 /* SwiftParser */,
				28B283CC2E1738BC00F871B8 /* SwiftSyntax */,
				AA000011AABBCC0000000011 /* LintStudioCore */,
				AA000012AABBCC0000000012 /* LintStudioUI */,
			);
			productName = SwiftProjectLint;
			productReference = 2805B4912E149DAB0018C12A /* SwiftProjectLint.app */;
			productType = "com.apple.product-type.application";
		};
		2805B49D2E149DAC0018C12A /* AppTests */ = {
			isa = PBXNativeTarget;
			buildConfigurationList = 2805B4B52E149DAC0018C12A /* Build configuration list for PBXNativeTarget "AppTests" */;
			buildPhases = (
				2805B49A2E149DAC0018C12A /* Sources */,
				2805B49B2E149DAC0018C12A /* Frameworks */,
				2805B49C2E149DAC0018C12A /* Resources */,
				28AF0D062E3AAAAC00861DDB /* ShellScript */,
			);
			buildRules = (
			);
			dependencies = (
				28B796A82E19EEE400AE3C7B /* PBXTargetDependency */,
				2805B4A02E149DAC0018C12A /* PBXTargetDependency */,
			);
			name = AppTests;
			packageProductDependencies = (
				2886405D2E19F25E0026F2CF /* SwiftSyntax */,
				2886405F2E19F26E0026F2CF /* SwiftParser */,
			);
			productName = AppTests;
			productReference = 2805B49E2E149DAC0018C12A /* AppTests.xctest */;
			productType = "com.apple.product-type.bundle.unit-test";
		};
		2805B4A72E149DAC0018C12A /* UITests */ = {
			isa = PBXNativeTarget;
			buildConfigurationList = 2805B4B82E149DAC0018C12A /* Build configuration list for PBXNativeTarget "UITests" */;
			buildPhases = (
				2805B4A42E149DAC0018C12A /* Sources */,
				2805B4A52E149DAC0018C12A /* Frameworks */,
				2805B4A62E149DAC0018C12A /* Resources */,
				28AF0D072E3AAAB600861DDB /* ShellScript */,
			);
			buildRules = (
			);
			dependencies = (
				2805B4AA2E149DAC0018C12A /* PBXTargetDependency */,
			);
			name = UITests;
			packageProductDependencies = (
			);
			productName = UITests;
			productReference = 2805B4A82E149DAC0018C12A /* UITests.xctest */;
			productType = "com.apple.product-type.bundle.ui-testing";
		};
		28B796632E19EDA400AE3C7B /* SwiftProjectLintCore */ = {
			isa = PBXNativeTarget;
			buildConfigurationList = 28B796802E19EDA400AE3C7B /* Build configuration list for PBXNativeTarget "SwiftProjectLintCore" */;
			buildPhases = (
				28B7965F2E19EDA400AE3C7B /* Headers */,
				28B796602E19EDA400AE3C7B /* Sources */,
				28B796612E19EDA400AE3C7B /* Frameworks */,
				28B796622E19EDA400AE3C7B /* Resources */,
				28AF0D052E3AAA9700861DDB /* ShellScript */,
			);
			buildRules = (
			);
			dependencies = (
			);
			name = SwiftProjectLintCore;
			packageProductDependencies = (
				2886405D2E19F25E0026F2CF /* SwiftSyntax */,
				2886405F2E19F26E0026F2CF /* SwiftParser */,
				AA000021AABBCC0000000021 /* SwiftProjectLintEngine */,
				AA000023AABBCC0000000023 /* LintStudioCore */,
				AA000031AABBCC0000000031 /* Yams */,
				AA000040AABBCC000000401 /* SwiftProjectLintModels */,
				AA000041AABBCC000000411 /* SwiftProjectLintVisitors */,
				AA000042AABBCC000000421 /* SwiftProjectLintRegistry */,
				AA000043AABBCC000000431 /* SwiftProjectLintRules */,
				AA000044AABBCC000000441 /* SwiftProjectLintConfig */,
			);
			productName = SwiftProjectLintCore;
			productReference = 28B796642E19EDA400AE3C7B /* SwiftProjectLintCore.framework */;
			productType = "com.apple.product-type.framework";
		};
		28B7966D2E19EDA400AE3C7B /* CoreTests */ = {
			isa = PBXNativeTarget;
			buildConfigurationList = 28B796812E19EDA400AE3C7B /* Build configuration list for PBXNativeTarget "CoreTests" */;
			buildPhases = (
				28B7966A2E19EDA400AE3C7B /* Sources */,
				28B7966B2E19EDA400AE3C7B /* Frameworks */,
				28B7966C2E19EDA400AE3C7B /* Resources */,
				28AF0D082E3AAABF00861DDB /* ShellScript */,
			);
			buildRules = (
			);
			dependencies = (
				28B796712E19EDA400AE3C7B /* PBXTargetDependency */,
				28B796732E19EDA400AE3C7B /* PBXTargetDependency */,
			);
			name = CoreTests;
			packageProductDependencies = (
				2886405D2E19F25E0026F2CF /* SwiftSyntax */,
				2886405F2E19F26E0026F2CF /* SwiftParser */,
			);
			productName = CoreTests;
			productReference = 28B7966E2E19EDA400AE3C7B /* CoreTests.xctest */;
			productType = "com.apple.product-type.bundle.unit-test";
		};
/* End PBXNativeTarget section */

/* Begin PBXProject section */
		2805B4892E149DAB0018C12A /* Project object */ = {
			isa = PBXProject;
			attributes = {
				BuildIndependentTargetsInParallel = 1;
				LastSwiftUpdateCheck = 1640;
				LastUpgradeCheck = 2600;
				TargetAttributes = {
					2805B4902E149DAB0018C12A = {
						CreatedOnToolsVersion = 26.0;
					};
					2805B49D2E149DAC0018C12A = {
						CreatedOnToolsVersion = 26.0;
						TestTargetID = 2805B4902E149DAB0018C12A;
					};
					2805B4A72E149DAC0018C12A = {
						CreatedOnToolsVersion = 26.0;
						TestTargetID = 2805B4902E149DAB0018C12A;
					};
					28B796632E19EDA400AE3C7B = {
						CreatedOnToolsVersion = 16.4;
					};
					28B7966D2E19EDA400AE3C7B = {
						CreatedOnToolsVersion = 16.4;
						TestTargetID = 2805B4902E149DAB0018C12A;
					};
				};
			};
			buildConfigurationList = 2805B48C2E149DAB0018C12A /* Build configuration list for PBXProject "SwiftProjectLint" */;
			developmentRegion = en;
			hasScannedForEncodings = 0;
			knownRegions = (
				en,
				Base,
			);
			mainGroup = 2805B4882E149DAB0018C12A;
			minimizedProjectReferenceProxies = 1;
			packageReferences = (
				28B283C92E17356500F871B8 /* XCRemoteSwiftPackageReference "swift-syntax" */,
				AA000010AABBCC0000000010 /* XCLocalSwiftPackageReference "../LintStudioUI" */,
				AA000020AABBCC0000000020 /* XCLocalSwiftPackageReference "Packages/SwiftProjectLintEngine" */,
				AA000030AABBCC0000000030 /* XCRemoteSwiftPackageReference "Yams" */,
				AA000040AABBCC000000400 /* XCLocalSwiftPackageReference "Models" */,
				AA000041AABBCC000000410 /* XCLocalSwiftPackageReference "Visitors" */,
				AA000042AABBCC000000420 /* XCLocalSwiftPackageReference "Registry" */,
				AA000043AABBCC000000430 /* XCLocalSwiftPackageReference "Rules" */,
				AA000044AABBCC000000440 /* XCLocalSwiftPackageReference "Config" */,
			);
			preferredProjectObjectVersion = 77;
			productRefGroup = 2805B4922E149DAB0018C12A /* Products */;
			projectDirPath = "";
			projectRoot = "";
			targets = (
				2805B4902E149DAB0018C12A /* SwiftProjectLint */,
				2805B49D2E149DAC0018C12A /* AppTests */,
				2805B4A72E149DAC0018C12A /* UITests */,
				28B796632E19EDA400AE3C7B /* SwiftProjectLintCore */,
				28B7966D2E19EDA400AE3C7B /* CoreTests */,
			);
		};
/* End PBXProject section */

/* Begin PBXResourcesBuildPhase section */
		2805B48F2E149DAB0018C12A /* Resources */ = {
			isa = PBXResourcesBuildPhase;
			buildActionMask = 2147483647;
			files = (
			);
			runOnlyForDeploymentPostprocessing = 0;
		};
		2805B49C2E149DAC0018C12A /* Resources */ = {
			isa = PBXResourcesBuildPhase;
			buildActionMask = 2147483647;
			files = (
			);
			runOnlyForDeploymentPostprocessing = 0;
		};
		2805B4A62E149DAC0018C12A /* Resources */ = {
			isa = PBXResourcesBuildPhase;
			buildActionMask = 2147483647;
			files = (
			);
			runOnlyForDeploymentPostprocessing = 0;
		};
		28B796622E19EDA400AE3C7B /* Resources */ = {
			isa = PBXResourcesBuildPhase;
			buildActionMask = 2147483647;
			files = (
			);
			runOnlyForDeploymentPostprocessing = 0;
		};
		28B7966C2E19EDA400AE3C7B /* Resources */ = {
			isa = PBXResourcesBuildPhase;
			buildActionMask = 2147483647;
			files = (
			);
			runOnlyForDeploymentPostprocessing = 0;
		};
/* End PBXResourcesBuildPhase section */

/* Begin PBXShellScriptBuildPhase section */
		28AF0D052E3AAA9700861DDB /* ShellScript */ = {
			isa = PBXShellScriptBuildPhase;
			buildActionMask = 2147483647;
			files = (
			);
			inputFileListPaths = (
			);
			inputPaths = (
			);
			outputFileListPaths = (
			);
			outputPaths = (
			);
			runOnlyForDeploymentPostprocessing = 0;
			shellPath = /bin/sh;
			shellScript = "if which /opt/homebrew/bin/swiftlint >/dev/null; then\n  /opt/homebrew/bin/swiftlint\nelse\n  echo \"warning: SwiftLint not installed. Download from https://github.com/realm/SwiftLint\"\nfi\n";
		};
		28AF0D062E3AAAAC00861DDB /* ShellScript */ = {
			isa = PBXShellScriptBuildPhase;
			buildActionMask = 2147483647;
			files = (
			);
			inputFileListPaths = (
			);
			inputPaths = (
			);
			outputFileListPaths = (
			);
			outputPaths = (
			);
			runOnlyForDeploymentPostprocessing = 0;
			shellPath = /bin/sh;
			shellScript = "if which /opt/homebrew/bin/swiftlint >/dev/null; then\n  /opt/homebrew/bin/swiftlint\nelse\n  echo \"warning: SwiftLint not installed. Download from https://github.com/realm/SwiftLint\"\nfi\n";
		};
		28AF0D072E3AAAB600861DDB /* ShellScript */ = {
			isa = PBXShellScriptBuildPhase;
			buildActionMask = 2147483647;
			files = (
			);
			inputFileListPaths = (
			);
			inputPaths = (
			);
			outputFileListPaths = (
			);
			outputPaths = (
			);
			runOnlyForDeploymentPostprocessing = 0;
			shellPath = /bin/sh;
			shellScript = "if which /opt/homebrew/bin/swiftlint >/dev/null; then\n  /opt/homebrew/bin/swiftlint\nelse\n  echo \"warning: SwiftLint not installed. Download from https://github.com/realm/SwiftLint\"\nfi\n";
		};
		28AF0D082E3AAABF00861DDB /* ShellScript */ = {
			isa = PBXShellScriptBuildPhase;
			buildActionMask = 2147483647;
			files = (
			);
			inputFileListPaths = (
			);
			inputPaths = (
			);
			outputFileListPaths = (
			);
			outputPaths = (
			);
			runOnlyForDeploymentPostprocessing = 0;
			shellPath = /bin/sh;
			shellScript = "if which /opt/homebrew/bin/swiftlint >/dev/null; then\n  /opt/homebrew/bin/swiftlint\nelse\n  echo \"warning: SwiftLint not installed. Download from https://github.com/realm/SwiftLint\"\nfi\n";
		};
		28BFF6752E3999D200ECC6D1 /* ShellScript */ = {
			isa = PBXShellScriptBuildPhase;
			buildActionMask = 2147483647;
			files = (
			);
			inputFileListPaths = (
			);
			inputPaths = (
			);
			outputFileListPaths = (
			);
			outputPaths = (
			);
			runOnlyForDeploymentPostprocessing = 0;
			shellPath = /bin/sh;
			shellScript = "if which /opt/homebrew/bin/swiftlint >/dev/null; then\n  /opt/homebrew/bin/swiftlint\nelse\n  echo \"warning: SwiftLint not installed. Download from https://github.com/realm/SwiftLint\"\nfi\n";
		};
/* End PBXShellScriptBuildPhase section */

/* Begin PBXSourcesBuildPhase section */
		2805B48D2E149DAB0018C12A /* Sources */ = {
			isa = PBXSourcesBuildPhase;
			buildActionMask = 2147483647;
			files = (
				935D2A9F2E8C18BA00370C854E31 /* Sources/App/ContentView.swift in Sources */,
				1334ACAA2E6A968100802A1E49A5 /* Sources/App/LintResultsView.swift in Sources */,
				A5137FBB2EDB50E60073EE1E67F0 /* Sources/App/SwiftProjectLintApp.swift in Sources */,
				DC69C7A32E9F4944000D6564DBDB /* Sources/App/ExampleViews/AnimationIssuesExampleView.swift in Sources */,
				DA60C6D02EB2FFA00043F0457CD8 /* Sources/App/ExampleViews/ArchitectureIssuesView.swift in Sources */,
				3137570E2ED107E700646B988F45 /* Sources/App/ExampleViews/ChildView.swift in Sources */,
				93E877EE2E35A6F400E34F949CA8 /* Sources/App/ExampleViews/NetworkingIssuesView.swift in Sources */,
				8DB9D5B62EFB16CF0072A03E6577 /* Sources/App/ExampleViews/ParentView.swift in Sources */,
				B65792C62EAE378D004DE22B35A8 /* Sources/App/ExampleViews/TightCouplingExampleView.swift in Sources */,
				80DD3C682EFB5C8300215B455FBE /* Sources/App/Models/ContentViewModel.swift in Sources */,
				BEC070A72E651472009085573BF9 /* Sources/App/Models/DemoIssueGenerator.swift in Sources */,
				FAAAD65E2EEF4D0F0008B506BDEE /* Sources/App/Models/LintStudioConformances.swift in Sources */,
				D6710B722EB9D20900F447D453D8 /* Sources/App/Models/PatternConfiguration.swift in Sources */,
				D93E66302E8C1A7600122A827782 /* Sources/App/Models/RuleDocumentationLoader.swift in Sources */,
				F4B928CD2EE2BB1F00F110967475 /* Sources/App/Models/RuleExclusions.swift in Sources */,
				81180E0F2E090BE600B7FABC058F /* Sources/App/Models/SystemComponents.swift in Sources */,
				5EB0B4112E0AEBBB00A6AEFA293A /* Sources/App/Views/ConfigDiffPreviewSheet.swift in Sources */,
				91AC0B892E8AC79A00F71433EB66 /* Sources/App/Views/ContentViewActions.swift in Sources */,
				FE67F0702ECD0E2200EA8BE65461 /* Sources/App/Views/ContentViewHeader.swift in Sources */,
				2F0137942E93E6F700552D3868F6 /* Sources/App/Views/ContentViewProgress.swift in Sources */,
				53365A6F2E26F879009EA4577CFE /* Sources/App/Views/ContentViewResults.swift in Sources */,
				E3E7C19E2EC1DC7F00EF356BCD47 /* Sources/App/Views/DirectoryTreeView.swift in Sources */,
				847E7A342E67F40A00D5B9F15373 /* Sources/App/Views/FullScreenResultsView.swift in Sources */,
				F423B6962E7BF02C007825D5826B /* Sources/App/Views/IssueSummarySection.swift in Sources */,
				755EB96C2E893C2800A9B364162A /* Sources/App/Views/LintIssueRow.swift in Sources */,
				2F27BF602EFB28CE00B2B3B54F08 /* Sources/App/Views/RuleDocView.swift in Sources */,
				711200CC2E378AA10019164355E0 /* Sources/App/Views/RuleSelectionDialog.swift in Sources */,
				B2F883882EE34E5D002D4ECFBDB9 /* Sources/App/Views/RuleSelectionWindowController.swift in Sources */,
			);
			runOnlyForDeploymentPostprocessing = 0;
		};
		2805B49A2E149DAC0018C12A /* Sources */ = {
			isa = PBXSourcesBuildPhase;
			buildActionMask = 2147483647;
			files = (
			);
			runOnlyForDeploymentPostprocessing = 0;
		};
		2805B4A42E149DAC0018C12A /* Sources */ = {
			isa = PBXSourcesBuildPhase;
			buildActionMask = 2147483647;
			files = (
			);
			runOnlyForDeploymentPostprocessing = 0;
		};
		28B796602E19EDA400AE3C7B /* Sources */ = {
			isa = PBXSourcesBuildPhase;
			buildActionMask = 2147483647;
			files = (
				5984AE012E7A94F700DA97F3F508 /* Sources/Core/Exports.swift in Sources */,
				ABAD4A722E9A0C03000668032C51 /* Sources/Core/Export/CSVFormatter.swift in Sources */,
				1C0E2EBC2E30EEDD0084BCDA4739 /* Sources/Core/Export/CodableLintIssue.swift in Sources */,
				0491FB042E22F450002C0B3B7880 /* Sources/Core/Export/HTMLFormatter.swift in Sources */,
				3C386EEC2E3191A6004A80304D42 /* Sources/Core/Export/IssueFormatterProtocol.swift in Sources */,
				FB0119192E0DEBA5003B95DBFDAC /* Sources/Core/Export/JSONFormatter.swift in Sources */,
				3D5BFDD32EA01A2000AF033869A8 /* Sources/Core/Export/LintReport.swift in Sources */,
				9D1F7BA32E52DB2200B746BD3366 /* Sources/Core/Export/ReportSummary.swift in Sources */,
				588DAF2E2E396D0E00952E396BB0 /* Sources/Core/Export/TextFormatter.swift in Sources */,
			);
			runOnlyForDeploymentPostprocessing = 0;
		};
		28B7966A2E19EDA400AE3C7B /* Sources */ = {
			isa = PBXSourcesBuildPhase;
			buildActionMask = 2147483647;
			files = (
			);
			runOnlyForDeploymentPostprocessing = 0;
		};
/* End PBXSourcesBuildPhase section */

/* Begin PBXTargetDependency section */
		2805B4A02E149DAC0018C12A /* PBXTargetDependency */ = {
			isa = PBXTargetDependency;
			target = 2805B4902E149DAB0018C12A /* SwiftProjectLint */;
			targetProxy = 2805B49F2E149DAC0018C12A /* PBXContainerItemProxy */;
		};
		2805B4AA2E149DAC0018C12A /* PBXTargetDependency */ = {
			isa = PBXTargetDependency;
			target = 2805B4902E149DAB0018C12A /* SwiftProjectLint */;
			targetProxy = 2805B4A92E149DAC0018C12A /* PBXContainerItemProxy */;
		};
		28B796712E19EDA400AE3C7B /* PBXTargetDependency */ = {
			isa = PBXTargetDependency;
			target = 28B796632E19EDA400AE3C7B /* SwiftProjectLintCore */;
			targetProxy = 28B796702E19EDA400AE3C7B /* PBXContainerItemProxy */;
		};
		28B796732E19EDA400AE3C7B /* PBXTargetDependency */ = {
			isa = PBXTargetDependency;
			target = 2805B4902E149DAB0018C12A /* SwiftProjectLint */;
			targetProxy = 28B796722E19EDA400AE3C7B /* PBXContainerItemProxy */;
		};
		28B796782E19EDA400AE3C7B /* PBXTargetDependency */ = {
			isa = PBXTargetDependency;
			target = 28B796632E19EDA400AE3C7B /* SwiftProjectLintCore */;
			targetProxy = 28B796772E19EDA400AE3C7B /* PBXContainerItemProxy */;
		};
		28B796A82E19EEE400AE3C7B /* PBXTargetDependency */ = {
			isa = PBXTargetDependency;
			target = 28B796632E19EDA400AE3C7B /* SwiftProjectLintCore */;
			targetProxy = 28B796A72E19EEE400AE3C7B /* PBXContainerItemProxy */;
		};
/* End PBXTargetDependency section */

/* Begin XCBuildConfiguration section */
		2805B4B02E149DAC0018C12A /* Debug */ = {
			isa = XCBuildConfiguration;
			buildSettings = {
				ALWAYS_SEARCH_USER_PATHS = NO;
				ASSETCATALOG_COMPILER_GENERATE_SWIFT_ASSET_SYMBOL_EXTENSIONS = YES;
				CLANG_ANALYZER_NONNULL = YES;
				CLANG_ANALYZER_NUMBER_OBJECT_CONVERSION = YES_AGGRESSIVE;
				CLANG_CXX_LANGUAGE_STANDARD = "gnu++20";
				CLANG_ENABLE_MODULES = YES;
				CLANG_ENABLE_OBJC_ARC = YES;
				CLANG_ENABLE_OBJC_WEAK = YES;
				CLANG_WARN_BLOCK_CAPTURE_AUTORELEASING = YES;
				CLANG_WARN_BOOL_CONVERSION = YES;
				CLANG_WARN_COMMA = YES;
				CLANG_WARN_CONSTANT_CONVERSION = YES;
				CLANG_WARN_DEPRECATED_OBJC_IMPLEMENTATIONS = YES;
				CLANG_WARN_DIRECT_OBJC_ISA_USAGE = YES_ERROR;
				CLANG_WARN_DOCUMENTATION_COMMENTS = YES;
				CLANG_WARN_EMPTY_BODY = YES;
				CLANG_WARN_ENUM_CONVERSION = YES;
				CLANG_WARN_INFINITE_RECURSION = YES;
				CLANG_WARN_INT_CONVERSION = YES;
				CLANG_WARN_NON_LITERAL_NULL_CONVERSION = YES;
				CLANG_WARN_OBJC_IMPLICIT_RETAIN_SELF = YES;
				CLANG_WARN_OBJC_LITERAL_CONVERSION = YES;
				CLANG_WARN_OBJC_ROOT_CLASS = YES_ERROR;
				CLANG_WARN_QUOTED_INCLUDE_IN_FRAMEWORK_HEADER = YES;
				CLANG_WARN_RANGE_LOOP_ANALYSIS = YES;
				CLANG_WARN_STRICT_PROTOTYPES = YES;
				CLANG_WARN_SUSPICIOUS_MOVE = YES;
				CLANG_WARN_UNGUARDED_AVAILABILITY = YES_AGGRESSIVE;
				CLANG_WARN_UNREACHABLE_CODE = YES;
				CLANG_WARN__DUPLICATE_METHOD_MATCH = YES;
				COPY_PHASE_STRIP = NO;
				DEBUG_INFORMATION_FORMAT = dwarf;
				ENABLE_STRICT_OBJC_MSGSEND = YES;
				ENABLE_TESTABILITY = YES;
				ENABLE_USER_SCRIPT_SANDBOXING = YES;
				GCC_C_LANGUAGE_STANDARD = gnu17;
				GCC_DYNAMIC_NO_PIC = NO;
				GCC_NO_COMMON_BLOCKS = YES;
				GCC_OPTIMIZATION_LEVEL = 0;
				GCC_PREPROCESSOR_DEFINITIONS = (
					"DEBUG=1",
					"$(inherited)",
				);
				GCC_WARN_64_TO_32_BIT_CONVERSION = YES;
				GCC_WARN_ABOUT_RETURN_TYPE = YES_ERROR;
				GCC_WARN_UNDECLARED_SELECTOR = YES;
				GCC_WARN_UNINITIALIZED_AUTOS = YES_AGGRESSIVE;
				GCC_WARN_UNUSED_FUNCTION = YES;
				GCC_WARN_UNUSED_VARIABLE = YES;
				LOCALIZATION_PREFERS_STRING_CATALOGS = YES;
				MACOSX_DEPLOYMENT_TARGET = 26.0;
				MTL_ENABLE_DEBUG_INFO = INCLUDE_SOURCE;
				MTL_FAST_MATH = YES;
				ONLY_ACTIVE_ARCH = YES;
				SDKROOT = macosx;
				SWIFT_ACTIVE_COMPILATION_CONDITIONS = "DEBUG $(inherited)";
				SWIFT_OPTIMIZATION_LEVEL = "-Onone";
			};
			name = Debug;
		};
		2805B4B12E149DAC0018C12A /* Release */ = {
			isa = XCBuildConfiguration;
			buildSettings = {
				ALWAYS_SEARCH_USER_PATHS = NO;
				ASSETCATALOG_COMPILER_GENERATE_SWIFT_ASSET_SYMBOL_EXTENSIONS = YES;
				CLANG_ANALYZER_NONNULL = YES;
				CLANG_ANALYZER_NUMBER_OBJECT_CONVERSION = YES_AGGRESSIVE;
				CLANG_CXX_LANGUAGE_STANDARD = "gnu++20";
				CLANG_ENABLE_MODULES = YES;
				CLANG_ENABLE_OBJC_ARC = YES;
				CLANG_ENABLE_OBJC_WEAK = YES;
				CLANG_WARN_BLOCK_CAPTURE_AUTORELEASING = YES;
				CLANG_WARN_BOOL_CONVERSION = YES;
				CLANG_WARN_COMMA = YES;
				CLANG_WARN_CONSTANT_CONVERSION = YES;
				CLANG_WARN_DEPRECATED_OBJC_IMPLEMENTATIONS = YES;
				CLANG_WARN_DIRECT_OBJC_ISA_USAGE = YES_ERROR;
				CLANG_WARN_DOCUMENTATION_COMMENTS = YES;
				CLANG_WARN_EMPTY_BODY = YES;
				CLANG_WARN_ENUM_CONVERSION = YES;
				CLANG_WARN_INFINITE_RECURSION = YES;
				CLANG_WARN_INT_CONVERSION = YES;
				CLANG_WARN_NON_LITERAL_NULL_CONVERSION = YES;
				CLANG_WARN_OBJC_IMPLICIT_RETAIN_SELF = YES;
				CLANG_WARN_OBJC_LITERAL_CONVERSION = YES;
				CLANG_WARN_OBJC_ROOT_CLASS = YES_ERROR;
				CLANG_WARN_QUOTED_INCLUDE_IN_FRAMEWORK_HEADER = YES;
				CLANG_WARN_RANGE_LOOP_ANALYSIS = YES;
				CLANG_WARN_STRICT_PROTOTYPES = YES;
				CLANG_WARN_SUSPICIOUS_MOVE = YES;
				CLANG_WARN_UNGUARDED_AVAILABILITY = YES_AGGRESSIVE;
				CLANG_WARN_UNREACHABLE_CODE = YES;
				CLANG_WARN__DUPLICATE_METHOD_MATCH = YES;
				COPY_PHASE_STRIP = NO;
				DEBUG_INFORMATION_FORMAT = "dwarf-with-dsym";
				ENABLE_NS_ASSERTIONS = NO;
				ENABLE_STRICT_OBJC_MSGSEND = YES;
				ENABLE_USER_SCRIPT_SANDBOXING = YES;
				GCC_C_LANGUAGE_STANDARD = gnu17;
				GCC_NO_COMMON_BLOCKS = YES;
				GCC_WARN_64_TO_32_BIT_CONVERSION = YES;
				GCC_WARN_ABOUT_RETURN_TYPE = YES_ERROR;
				GCC_WARN_UNDECLARED_SELECTOR = YES;
				GCC_WARN_UNINITIALIZED_AUTOS = YES_AGGRESSIVE;
				GCC_WARN_UNUSED_FUNCTION = YES;
				GCC_WARN_UNUSED_VARIABLE = YES;
				LOCALIZATION_PREFERS_STRING_CATALOGS = YES;
				MACOSX_DEPLOYMENT_TARGET = 26.0;
				MTL_ENABLE_DEBUG_INFO = NO;
				MTL_FAST_MATH = YES;
				SDKROOT = macosx;
				SWIFT_COMPILATION_MODE = wholemodule;
			};
			name = Release;
		};
		2805B4B32E149DAC0018C12A /* Debug */ = {
			isa = XCBuildConfiguration;
			buildSettings = {
				ASSETCATALOG_COMPILER_APPICON_NAME = AppIcon;
				ASSETCATALOG_COMPILER_GLOBAL_ACCENT_COLOR_NAME = AccentColor;
				CODE_SIGN_STYLE = Automatic;
				COMBINE_HIDPI_IMAGES = YES;
				CURRENT_PROJECT_VERSION = 1;
				ENABLE_APP_SANDBOX = YES;
				ENABLE_PREVIEWS = YES;
				ENABLE_USER_SELECTED_FILES = readonly;
				GENERATE_INFOPLIST_FILE = YES;
				INFOPLIST_KEY_NSHumanReadableCopyright = "";
				LD_RUNPATH_SEARCH_PATHS = (
					"$(inherited)",
					"@executable_path/../Frameworks",
				);
				MARKETING_VERSION = 1.0;
				PRODUCT_BUNDLE_IDENTIFIER = name.JosephCursio.SwiftProjectLint;
				PRODUCT_NAME = "$(TARGET_NAME)";
				REGISTER_APP_GROUPS = YES;
				STRING_CATALOG_GENERATE_SYMBOLS = YES;
				SWIFT_DEFAULT_ACTOR_ISOLATION = MainActor;
				SWIFT_EMIT_LOC_STRINGS = YES;
				SWIFT_UPCOMING_FEATURE_MEMBER_IMPORT_VISIBILITY = YES;
				SWIFT_VERSION = 6.0;
			};
			name = Debug;
		};
		2805B4B42E149DAC0018C12A /* Release */ = {
			isa = XCBuildConfiguration;
			buildSettings = {
				ASSETCATALOG_COMPILER_APPICON_NAME = AppIcon;
				ASSETCATALOG_COMPILER_GLOBAL_ACCENT_COLOR_NAME = AccentColor;
				CODE_SIGN_STYLE = Automatic;
				COMBINE_HIDPI_IMAGES = YES;
				CURRENT_PROJECT_VERSION = 1;
				ENABLE_APP_SANDBOX = YES;
				ENABLE_PREVIEWS = YES;
				ENABLE_USER_SELECTED_FILES = readonly;
				GENERATE_INFOPLIST_FILE = YES;
				INFOPLIST_KEY_NSHumanReadableCopyright = "";
				LD_RUNPATH_SEARCH_PATHS = (
					"$(inherited)",
					"@executable_path/../Frameworks",
				);
				MARKETING_VERSION = 1.0;
				PRODUCT_BUNDLE_IDENTIFIER = name.JosephCursio.SwiftProjectLint;
				PRODUCT_NAME = "$(TARGET_NAME)";
				REGISTER_APP_GROUPS = YES;
				STRING_CATALOG_GENERATE_SYMBOLS = YES;
				SWIFT_DEFAULT_ACTOR_ISOLATION = MainActor;
				SWIFT_EMIT_LOC_STRINGS = YES;
				SWIFT_UPCOMING_FEATURE_MEMBER_IMPORT_VISIBILITY = YES;
				SWIFT_VERSION = 6.0;
			};
			name = Release;
		};
		2805B4B62E149DAC0018C12A /* Debug */ = {
			isa = XCBuildConfiguration;
			buildSettings = {
				CODE_SIGN_STYLE = Automatic;
				CURRENT_PROJECT_VERSION = 1;
				GENERATE_INFOPLIST_FILE = YES;
				MACOSX_DEPLOYMENT_TARGET = 26.0;
				MARKETING_VERSION = 1.0;
				PRODUCT_BUNDLE_IDENTIFIER = name.JosephCursio.AppTests;
				PRODUCT_NAME = "$(TARGET_NAME)";
				STRING_CATALOG_GENERATE_SYMBOLS = NO;
				SWIFT_EMIT_LOC_STRINGS = NO;
				SWIFT_TESTING_FRAMEWORK = YES;
				SWIFT_UPCOMING_FEATURE_MEMBER_IMPORT_VISIBILITY = YES;
				SWIFT_VERSION = 6.0;
				TEST_HOST = "";
			};
			name = Debug;
		};
		2805B4B72E149DAC0018C12A /* Release */ = {
			isa = XCBuildConfiguration;
			buildSettings = {
				CODE_SIGN_STYLE = Automatic;
				CURRENT_PROJECT_VERSION = 1;
				GENERATE_INFOPLIST_FILE = YES;
				MACOSX_DEPLOYMENT_TARGET = 26.0;
				MARKETING_VERSION = 1.0;
				PRODUCT_BUNDLE_IDENTIFIER = name.JosephCursio.AppTests;
				PRODUCT_NAME = "$(TARGET_NAME)";
				STRING_CATALOG_GENERATE_SYMBOLS = NO;
				SWIFT_EMIT_LOC_STRINGS = NO;
				SWIFT_TESTING_FRAMEWORK = YES;
				SWIFT_UPCOMING_FEATURE_MEMBER_IMPORT_VISIBILITY = YES;
				SWIFT_VERSION = 6.0;
				TEST_HOST = "";
			};
			name = Release;
		};
		2805B4B92E149DAC0018C12A /* Debug */ = {
			isa = XCBuildConfiguration;
			buildSettings = {
				CODE_SIGN_STYLE = Automatic;
				CURRENT_PROJECT_VERSION = 1;
				GENERATE_INFOPLIST_FILE = YES;
				MARKETING_VERSION = 1.0;
				PRODUCT_BUNDLE_IDENTIFIER = name.JosephCursio.UITests;
				PRODUCT_NAME = "$(TARGET_NAME)";
				STRING_CATALOG_GENERATE_SYMBOLS = NO;
				SWIFT_EMIT_LOC_STRINGS = NO;
				SWIFT_UPCOMING_FEATURE_MEMBER_IMPORT_VISIBILITY = YES;
				SWIFT_VERSION = 6.0;
				TEST_TARGET_NAME = SwiftProjectLint;
			};
			name = Debug;
		};
		2805B4BA2E149DAC0018C12A /* Release */ = {
			isa = XCBuildConfiguration;
			buildSettings = {
				CODE_SIGN_STYLE = Automatic;
				CURRENT_PROJECT_VERSION = 1;
				GENERATE_INFOPLIST_FILE = YES;
				MARKETING_VERSION = 1.0;
				PRODUCT_BUNDLE_IDENTIFIER = name.JosephCursio.UITests;
				PRODUCT_NAME = "$(TARGET_NAME)";
				STRING_CATALOG_GENERATE_SYMBOLS = NO;
				SWIFT_EMIT_LOC_STRINGS = NO;
				SWIFT_UPCOMING_FEATURE_MEMBER_IMPORT_VISIBILITY = YES;
				SWIFT_VERSION = 6.0;
				TEST_TARGET_NAME = SwiftProjectLint;
			};
			name = Release;
		};
		28B7967C2E19EDA400AE3C7B /* Debug */ = {
			isa = XCBuildConfiguration;
			buildSettings = {
				BUILD_LIBRARY_FOR_DISTRIBUTION = NO;
				CODE_SIGN_STYLE = Automatic;
				COMBINE_HIDPI_IMAGES = YES;
				CURRENT_PROJECT_VERSION = 1;
				DYLIB_COMPATIBILITY_VERSION = 1;
				DYLIB_CURRENT_VERSION = 1;
				DYLIB_INSTALL_NAME_BASE = "@rpath";
				ENABLE_MODULE_VERIFIER = NO;
				GENERATE_INFOPLIST_FILE = YES;
				INFOPLIST_KEY_NSHumanReadableCopyright = "";
				INSTALL_PATH = "$(LOCAL_LIBRARY_DIR)/Frameworks";
				LD_RUNPATH_SEARCH_PATHS = (
					"$(inherited)",
					"@executable_path/../Frameworks",
					"@loader_path/Frameworks",
				);
				MACOSX_DEPLOYMENT_TARGET = 26.0;
				MARKETING_VERSION = 1.0;
				MODULE_VERIFIER_SUPPORTED_LANGUAGES = "objective-c objective-c++";
				MODULE_VERIFIER_SUPPORTED_LANGUAGE_STANDARDS = "gnu17 gnu++20";
				PRODUCT_BUNDLE_IDENTIFIER = name.JosephCursio.SwiftProjectLintCore;
				OTHER_SWIFT_FLAGS = "-I $(SRCROOT)/.build/arm64-apple-macosx/debug/Modules";
				PRODUCT_MODULE_NAME = Core;
				PRODUCT_NAME = "$(TARGET_NAME:c99extidentifier)";
				SKIP_INSTALL = YES;
				SWIFT_EMIT_LOC_STRINGS = NO;
				SWIFT_INSTALL_MODULE = YES;
				SWIFT_INSTALL_OBJC_HEADER = NO;
				SWIFT_VERSION = 6.0;
				VERSIONING_SYSTEM = "apple-generic";
				VERSION_INFO_PREFIX = "";
			};
			name = Debug;
		};
		28B7967D2E19EDA400AE3C7B /* Release */ = {
			isa = XCBuildConfiguration;
			buildSettings = {
				BUILD_LIBRARY_FOR_DISTRIBUTION = NO;
				CODE_SIGN_STYLE = Automatic;
				COMBINE_HIDPI_IMAGES = YES;
				CURRENT_PROJECT_VERSION = 1;
				DYLIB_COMPATIBILITY_VERSION = 1;
				DYLIB_CURRENT_VERSION = 1;
				DYLIB_INSTALL_NAME_BASE = "@rpath";
				ENABLE_MODULE_VERIFIER = NO;
				GENERATE_INFOPLIST_FILE = YES;
				INFOPLIST_KEY_NSHumanReadableCopyright = "";
				INSTALL_PATH = "$(LOCAL_LIBRARY_DIR)/Frameworks";
				LD_RUNPATH_SEARCH_PATHS = (
					"$(inherited)",
					"@executable_path/../Frameworks",
					"@loader_path/Frameworks",
				);
				MACOSX_DEPLOYMENT_TARGET = 26.0;
				MARKETING_VERSION = 1.0;
				MODULE_VERIFIER_SUPPORTED_LANGUAGES = "objective-c objective-c++";
				MODULE_VERIFIER_SUPPORTED_LANGUAGE_STANDARDS = "gnu17 gnu++20";
				PRODUCT_BUNDLE_IDENTIFIER = name.JosephCursio.SwiftProjectLintCore;
				PRODUCT_MODULE_NAME = Core;
				PRODUCT_NAME = "$(TARGET_NAME:c99extidentifier)";
				SKIP_INSTALL = YES;
				SWIFT_EMIT_LOC_STRINGS = NO;
				SWIFT_INSTALL_MODULE = YES;
				SWIFT_INSTALL_OBJC_HEADER = NO;
				SWIFT_VERSION = 6.0;
				VERSIONING_SYSTEM = "apple-generic";
				VERSION_INFO_PREFIX = "";
			};
			name = Release;
		};
		28B7967E2E19EDA400AE3C7B /* Debug */ = {
			isa = XCBuildConfiguration;
			buildSettings = {
				CODE_SIGN_STYLE = Automatic;
				CURRENT_PROJECT_VERSION = 1;
				GENERATE_INFOPLIST_FILE = YES;
				MACOSX_DEPLOYMENT_TARGET = 26.0;
				MARKETING_VERSION = 1.0;
				PRODUCT_BUNDLE_IDENTIFIER = name.JosephCursio.CoreTests;
				PRODUCT_NAME = "$(TARGET_NAME)";
				SWIFT_EMIT_LOC_STRINGS = NO;
				SWIFT_TESTING_FRAMEWORK = YES;
				SWIFT_VERSION = 6.0;
				TEST_HOST = "";
			};
			name = Debug;
		};
		28B7967F2E19EDA400AE3C7B /* Release */ = {
			isa = XCBuildConfiguration;
			buildSettings = {
				CODE_SIGN_STYLE = Automatic;
				CURRENT_PROJECT_VERSION = 1;
				GENERATE_INFOPLIST_FILE = YES;
				MACOSX_DEPLOYMENT_TARGET = 26.0;
				MARKETING_VERSION = 1.0;
				PRODUCT_BUNDLE_IDENTIFIER = name.JosephCursio.CoreTests;
				PRODUCT_NAME = "$(TARGET_NAME)";
				SWIFT_EMIT_LOC_STRINGS = NO;
				SWIFT_TESTING_FRAMEWORK = YES;
				SWIFT_VERSION = 6.0;
				TEST_HOST = "";
			};
			name = Release;
		};
/* End XCBuildConfiguration section */

/* Begin XCConfigurationList section */
		2805B48C2E149DAB0018C12A /* Build configuration list for PBXProject "SwiftProjectLint" */ = {
			isa = XCConfigurationList;
			buildConfigurations = (
				2805B4B02E149DAC0018C12A /* Debug */,
				2805B4B12E149DAC0018C12A /* Release */,
			);
			defaultConfigurationIsVisible = 0;
			defaultConfigurationName = Release;
		};
		2805B4B22E149DAC0018C12A /* Build configuration list for PBXNativeTarget "SwiftProjectLint" */ = {
			isa = XCConfigurationList;
			buildConfigurations = (
				2805B4B32E149DAC0018C12A /* Debug */,
				2805B4B42E149DAC0018C12A /* Release */,
			);
			defaultConfigurationIsVisible = 0;
			defaultConfigurationName = Release;
		};
		2805B4B52E149DAC0018C12A /* Build configuration list for PBXNativeTarget "AppTests" */ = {
			isa = XCConfigurationList;
			buildConfigurations = (
				2805B4B62E149DAC0018C12A /* Debug */,
				2805B4B72E149DAC0018C12A /* Release */,
			);
			defaultConfigurationIsVisible = 0;
			defaultConfigurationName = Release;
		};
		2805B4B82E149DAC0018C12A /* Build configuration list for PBXNativeTarget "UITests" */ = {
			isa = XCConfigurationList;
			buildConfigurations = (
				2805B4B92E149DAC0018C12A /* Debug */,
				2805B4BA2E149DAC0018C12A /* Release */,
			);
			defaultConfigurationIsVisible = 0;
			defaultConfigurationName = Release;
		};
		28B796802E19EDA400AE3C7B /* Build configuration list for PBXNativeTarget "SwiftProjectLintCore" */ = {
			isa = XCConfigurationList;
			buildConfigurations = (
				28B7967C2E19EDA400AE3C7B /* Debug */,
				28B7967D2E19EDA400AE3C7B /* Release */,
			);
			defaultConfigurationIsVisible = 0;
			defaultConfigurationName = Release;
		};
		28B796812E19EDA400AE3C7B /* Build configuration list for PBXNativeTarget "CoreTests" */ = {
			isa = XCConfigurationList;
			buildConfigurations = (
				28B7967E2E19EDA400AE3C7B /* Debug */,
				28B7967F2E19EDA400AE3C7B /* Release */,
			);
			defaultConfigurationIsVisible = 0;
			defaultConfigurationName = Release;
		};
/* End XCConfigurationList section */

/* Begin XCLocalSwiftPackageReference section */
		AA000010AABBCC0000000010 /* XCLocalSwiftPackageReference "../LintStudioUI" */ = {
			isa = XCLocalSwiftPackageReference;
			relativePath = ../LintStudioUI;
		};
		AA000020AABBCC0000000020 /* XCLocalSwiftPackageReference "Packages/SwiftProjectLintEngine" */ = {
			isa = XCLocalSwiftPackageReference;
			relativePath = Packages/SwiftProjectLintEngine;
		};
		AA000040AABBCC000000400 /* XCLocalSwiftPackageReference "Models" */ = {
			isa = XCLocalSwiftPackageReference;
			relativePath = Packages/SwiftProjectLintModels;
		};
		AA000041AABBCC000000410 /* XCLocalSwiftPackageReference "Visitors" */ = {
			isa = XCLocalSwiftPackageReference;
			relativePath = Packages/SwiftProjectLintVisitors;
		};
		AA000042AABBCC000000420 /* XCLocalSwiftPackageReference "Registry" */ = {
			isa = XCLocalSwiftPackageReference;
			relativePath = Packages/SwiftProjectLintRegistry;
		};
		AA000043AABBCC000000430 /* XCLocalSwiftPackageReference "Rules" */ = {
			isa = XCLocalSwiftPackageReference;
			relativePath = Packages/SwiftProjectLintRules;
		};
		AA000044AABBCC000000440 /* XCLocalSwiftPackageReference "Config" */ = {
			isa = XCLocalSwiftPackageReference;
			relativePath = Packages/SwiftProjectLintConfig;
		};
/* End XCLocalSwiftPackageReference section */

/* Begin XCRemoteSwiftPackageReference section */
		28B283C92E17356500F871B8 /* XCRemoteSwiftPackageReference "swift-syntax" */ = {
			isa = XCRemoteSwiftPackageReference;
			repositoryURL = "https://github.com/apple/swift-syntax.git";
			requirement = {
				kind = exactVersion;
				version = 602.0.0;
			};
		};
		AA000030AABBCC0000000030 /* XCRemoteSwiftPackageReference "Yams" */ = {
			isa = XCRemoteSwiftPackageReference;
			repositoryURL = "https://github.com/jpsim/Yams.git";
			requirement = {
				kind = upToNextMajorVersion;
				minimumVersion = 5.0.0;
			};
		};
/* End XCRemoteSwiftPackageReference section */

/* Begin XCSwiftPackageProductDependency section */
		2886405D2E19F25E0026F2CF /* SwiftSyntax */ = {
			isa = XCSwiftPackageProductDependency;
			package = 28B283C92E17356500F871B8 /* XCRemoteSwiftPackageReference "swift-syntax" */;
			productName = SwiftSyntax;
		};
		2886405F2E19F26E0026F2CF /* SwiftParser */ = {
			isa = XCSwiftPackageProductDependency;
			package = 28B283C92E17356500F871B8 /* XCRemoteSwiftPackageReference "swift-syntax" */;
			productName = SwiftParser;
		};
		28B283CA2E1738BC00F871B8 /* SwiftParser */ = {
			isa = XCSwiftPackageProductDependency;
			package = 28B283C92E17356500F871B8 /* XCRemoteSwiftPackageReference "swift-syntax" */;
			productName = SwiftParser;
		};
		28B283CC2E1738BC00F871B8 /* SwiftSyntax */ = {
			isa = XCSwiftPackageProductDependency;
			package = 28B283C92E17356500F871B8 /* XCRemoteSwiftPackageReference "swift-syntax" */;
			productName = SwiftSyntax;
		};
		AA000011AABBCC0000000011 /* LintStudioCore */ = {
			isa = XCSwiftPackageProductDependency;
			package = AA000010AABBCC0000000010 /* XCLocalSwiftPackageReference "../LintStudioUI" */;
			productName = LintStudioCore;
		};
		AA000012AABBCC0000000012 /* LintStudioUI */ = {
			isa = XCSwiftPackageProductDependency;
			package = AA000010AABBCC0000000010 /* XCLocalSwiftPackageReference "../LintStudioUI" */;
			productName = LintStudioUI;
		};
		AA000031AABBCC0000000031 /* Yams */ = {
			isa = XCSwiftPackageProductDependency;
			package = AA000030AABBCC0000000030 /* XCRemoteSwiftPackageReference "Yams" */;
			productName = Yams;
		};
		AA000021AABBCC0000000021 /* SwiftProjectLintEngine */ = {
			isa = XCSwiftPackageProductDependency;
			package = AA000020AABBCC0000000020 /* XCLocalSwiftPackageReference "Packages/SwiftProjectLintEngine" */;
			productName = SwiftProjectLintEngine;
		};
		AA000023AABBCC0000000023 /* LintStudioCore */ = {
			isa = XCSwiftPackageProductDependency;
			package = AA000010AABBCC0000000010 /* XCLocalSwiftPackageReference "../LintStudioUI" */;
			productName = LintStudioCore;
		};
		AA000040AABBCC000000401 /* SwiftProjectLintModels */ = {
			isa = XCSwiftPackageProductDependency;
			package = AA000040AABBCC000000400 /* XCLocalSwiftPackageReference "Models" */;
			productName = SwiftProjectLintModels;
		};
		AA000041AABBCC000000411 /* SwiftProjectLintVisitors */ = {
			isa = XCSwiftPackageProductDependency;
			package = AA000041AABBCC000000410 /* XCLocalSwiftPackageReference "Visitors" */;
			productName = SwiftProjectLintVisitors;
		};
		AA000042AABBCC000000421 /* SwiftProjectLintRegistry */ = {
			isa = XCSwiftPackageProductDependency;
			package = AA000042AABBCC000000420 /* XCLocalSwiftPackageReference "Registry" */;
			productName = SwiftProjectLintRegistry;
		};
		AA000043AABBCC000000431 /* SwiftProjectLintRules */ = {
			isa = XCSwiftPackageProductDependency;
			package = AA000043AABBCC000000430 /* XCLocalSwiftPackageReference "Rules" */;
			productName = SwiftProjectLintRules;
		};
		AA000044AABBCC000000441 /* SwiftProjectLintConfig */ = {
			isa = XCSwiftPackageProductDependency;
			package = AA000044AABBCC000000440 /* XCLocalSwiftPackageReference "Config" */;
			productName = SwiftProjectLintConfig;
		};
/* End XCSwiftPackageProductDependency section */
	};
	rootObject = 2805B4892E149DAB0018C12A /* Project object */;
}
